
Microsoft Visual Studio Solution File, Format Version 12.00
# Visual Studio 15
VisualStudioVersion = 15.0.28307.645
MinimumVisualStudioVersion = 10.0.40219.1
Project("{FAE04EC0-301F-11D3-BF4B-00C04F79EFBC}") = "BethonysPieShop", "BethonysPieShop\BethonysPieShop.csproj", "{6AEBA5F9-249E-4ED3-9B83-236F98B6CA2D}"
EndProject
Global
	GlobalSection(SolutionConfigurationPlatforms) = preSolution
		Debug|Any CPU = Debug|Any CPU
		Release|Any CPU = Release|Any CPU
	EndGlobalSection
	GlobalSection(ProjectConfigurationPlatforms) = postSolution
		{6AEBA5F9-249E-4ED3-9B83-236F98B6CA2D}.Debug|Any CPU.ActiveCfg = Debug|Any CPU
		{6AEBA5F9-249E-4ED3-9B83-236F98B6CA2D}.Debug|Any CPU.Build.0 = Debug|Any CPU
		{6AEBA5F9-249E-4ED3-9B83-236F98B6CA2D}.Release|Any CPU.ActiveCfg = Release|Any CPU
		{6AEBA5F9-249E-4ED3-9B83-236F98B6CA2D}.Release|Any CPU.Build.0 = Release|Any CPU
	EndGlobalSection
	GlobalSection(SolutionProperties) = preSolution
		HideSolutionNode = FALSE
	EndGlobalSection
	GlobalSection(ExtensibilityGlobals) = postSolution
		SolutionGuid = {00FCE696-2511-4F89-AE0C-95403FBB7B85}
	EndGlobalSection
EndGlobal
